
Microsoft Visual Studio Solution File, Format Version 12.00
# Visual Studio Version 17
VisualStudioVersion = 17.5.33414.496
MinimumVisualStudioVersion = 10.0.40219.1
Project("{FAE04EC0-301F-11D3-BF4B-00C04F79EFBC}") = "MergeSort", "MergeSort\MergeSort.csproj", "{D1629719-3108-4F33-B883-7D7382664250}"
EndProject
Global
	GlobalSection(SolutionConfigurationPlatforms) = preSolution
		Debug|Any CPU = Debug|Any CPU
		Release|Any CPU = Release|Any CPU
	EndGlobalSection
	GlobalSection(ProjectConfigurationPlatforms) = postSolution
		{D1629719-3108-4F33-B883-7D7382664250}.Debug|Any CPU.ActiveCfg = Debug|Any CPU
		{D1629719-3108-4F33-B883-7D7382664250}.Debug|Any CPU.Build.0 = Debug|Any CPU
		{D1629719-3108-4F33-B883-7D7382664250}.Release|Any CPU.ActiveCfg = Release|Any CPU
		{D1629719-3108-4F33-B883-7D7382664250}.Release|Any CPU.Build.0 = Release|Any CPU
	EndGlobalSection
	GlobalSection(SolutionProperties) = preSolution
		HideSolutionNode = FALSE
	EndGlobalSection
	GlobalSection(ExtensibilityGlobals) = postSolution
		SolutionGuid = {95566046-45D8-4F9C-8A7D-D8DDE15CC44E}
	EndGlobalSection
EndGlobal
